devDependencies:
  sirv-cli: 0.4.5
lockfileVersion: 5.1
packages:
  /@polka/url/0.5.0:
    dev: true
    resolution:
      integrity: sha512-oZLYFEAzUKyi3SKnXvj32ZCEGH6RDnao7COuCVhDydMS9NrCSVXhM79VaKyP5+Zc33m0QXEd2DN3UkU7OsHcfw==
  /console-clear/1.1.1:
    dev: true
    engines:
      node: '>=4'
    resolution:
      integrity: sha512-pMD+MVR538ipqkG5JXeOEbKWS5um1H4LUUccUQG68qpeqBYbzYy79Gh55jkd2TtPdRfUaLWdv6LPP//5Zt0aPQ==
  /get-port/3.2.0:
    dev: true
    engines:
      node: '>=4'
    resolution:
      integrity: sha1-3Xzn3hh8Bsi/NTeWrHHgmfCYDrw=
  /kleur/3.0.3:
    dev: true
    engines:
      node: '>=6'
    resolution:
      integrity: sha512-eTIzlVOSUR+JxdDFepEYcBMtZ9Qqdef+rnzWdRZuMbOywu5tO2w2N7rqjoANZ5k9vywhL6Br1VRjUIgTQx4E8w==
  /local-access/1.0.1:
    dev: true
    engines:
      node: '>=6'
    resolution:
      integrity: sha512-ykt2pgN0aqIy6KQC1CqdWTWkmUwNgaOS6dcpHVjyBJONA+Xi7AtSB1vuxC/U/0tjIP3wcRudwQk1YYzUvzk2bA==
  /mime/2.4.5:
    dev: true
    engines:
      node: '>=4.0.0'
    hasBin: true
    resolution:
      integrity: sha512-3hQhEUF027BuxZjQA3s7rIv/7VCQPa27hN9u9g87sEkWaKwQPuXOkVKtOeiyUrnWqTDiOs8Ed2rwg733mB0R5w==
  /mri/1.1.5:
    dev: true
    engines:
      node: '>=4'
    resolution:
      integrity: sha512-d2RKzMD4JNyHMbnbWnznPaa8vbdlq/4pNZ3IgdaGrVbBhebBsGUUE/6qorTMYNS6TwuH3ilfOlD2bf4Igh8CKg==
  /sade/1.7.3:
    dependencies:
      mri: 1.1.5
    dev: true
    engines:
      node: '>= 6'
    resolution:
      integrity: sha512-m4BctppMvJ60W1dXnHq7jMmFe3hPJZDAH85kQ3ACTo7XZNVUuTItCQ+2HfyaMeV5cKrbw7l4vD/6We3GBxvdJw==
  /sirv-cli/0.4.5:
    dependencies:
      console-clear: 1.1.1
      get-port: 3.2.0
      kleur: 3.0.3
      local-access: 1.0.1
      sade: 1.7.3
      sirv: 0.4.2
      tinydate: 1.2.0
    dev: true
    engines:
      node: '>= 6'
    hasBin: true
    resolution:
      integrity: sha512-Fl6icSm0EwPrXSGid2xphMp//WNTSX2yENRAGnJuuZNmdc8LvE/BtdZD3MPn28ifAfDqTMwbB3dpcZojAIOiBg==
  /sirv/0.4.2:
    dependencies:
      '@polka/url': 0.5.0
      mime: 2.4.5
    dev: true
    engines:
      node: '>= 6'
    resolution:
      integrity: sha512-dQbZnsMaIiTQPZmbGmktz+c74zt/hyrJEB4tdp2Jj0RNv9J6B/OWR5RyrZEvIn9fyh9Zlg2OlE2XzKz6wMKGAw==
  /tinydate/1.2.0:
    dev: true
    engines:
      node: '>=4'
    resolution:
      integrity: sha512-3GwPk8VhDFnUZ2TrgkhXJs6hcMAIIw4x/xkz+ayK6dGoQmp2nUwKzBXK0WnMsqkh6vfUhpqQicQF3rbshfyJkg==
specifiers:
  sirv-cli: ^0.4.5
